<?xml version="1.0" encoding="utf-8"?>
<Project ToolsVersion="4.0" xmlns="http://schemas.microsoft.com/developer/msbuild/2003">
  <ItemGroup>
    <ClCompile Include="Main.cpp" />
    <ClCompile Include="GameStateManager.cpp" />
    <ClCompile Include="pch.cpp" />
    <ClCompile Include="Input.cpp" />
    <ClCompile Include="System.cpp" />
    <ClCompile Include="mapEditor_Level1.cpp" />
    <ClCompile Include="mapEditor_Level2.cpp" />
  </ItemGroup>
  <ItemGroup>
    <ClInclude Include="GameStateList.h" />
    <ClInclude Include="GameStateManager.h" />
    <ClInclude Include="pch.h" />
    <ClInclude Include="Input.h" />
    <ClInclude Include="System.h" />
    <ClInclude Include="mapEditor_Level1.h" />
    <ClInclude Include="mapEditor_Level2.h" />
  </ItemGroup>
</Project>