<?xml version="1.0" encoding="utf-8"?>
<Project ToolsVersion="4.0" xmlns="http://schemas.microsoft.com/developer/msbuild/2003">
  <ItemGroup>
    <ClCompile Include="collision.cpp">
      <Filter>Source</Filter>
    </ClCompile>
    <ClCompile Include="MainMenu.cpp">
      <Filter>Source</Filter>
    </ClCompile>
    <ClCompile Include="projectile.cpp">
      <Filter>Source</Filter>
    </ClCompile>
    <ClCompile Include="movement.cpp">
      <Filter>Source</Filter>
    </ClCompile>
    <ClCompile Include="projectileTest.cpp">
      <Filter>Source</Filter>
    </ClCompile>
    <ClCompile Include="render.cpp">
      <Filter>Source</Filter>
    </ClCompile>
    <ClCompile Include="aimingInterface.cpp">
      <Filter>Source</Filter>
    </ClCompile>
    <ClCompile Include="pch.cpp">
      <Filter>Source</Filter>
    </ClCompile>
    <ClCompile Include="player.cpp">
      <Filter>Source</Filter>
    </ClCompile>
    <ClCompile Include="Main.cpp">
      <Filter>Source</Filter>
    </ClCompile>
    <ClCompile Include="GameStateManager.cpp">
      <Filter>Source</Filter>
    </ClCompile>
    <ClCompile Include="Level1.cpp">
      <Filter>Source</Filter>
    </ClCompile>
    <ClCompile Include="draw.cpp">
      <Filter>Source</Filter>
    </ClCompile>
    <ClCompile Include="enemies.cpp">
      <Filter>Source</Filter>
    </ClCompile>
    <ClCompile Include="binaryMap.cpp">
      <Filter>Source</Filter>
    </ClCompile>
  </ItemGroup>
  <ItemGroup>
    <ClInclude Include="collision.h">
      <Filter>Header</Filter>
    </ClInclude>
    <ClInclude Include="MainMenu.h">
      <Filter>Header</Filter>
    </ClInclude>
    <ClInclude Include="movement.h">
      <Filter>Header</Filter>
    </ClInclude>
    <ClInclude Include="projectile.h">
      <Filter>Header</Filter>
    </ClInclude>
    <ClInclude Include="projectileTest.h">
      <Filter>Header</Filter>
    </ClInclude>
    <ClInclude Include="render.h">
      <Filter>Header</Filter>
    </ClInclude>
    <ClInclude Include="aimingInterface.h">
      <Filter>Header</Filter>
    </ClInclude>
    <ClInclude Include="pch.h">
      <Filter>Header</Filter>
    </ClInclude>
    <ClInclude Include="drawWallsLevel2.h">
      <Filter>Header</Filter>
    </ClInclude>
    <ClInclude Include="player.h">
      <Filter>Header</Filter>
    </ClInclude>
    <ClInclude Include="GameStateList.h">
      <Filter>Header</Filter>
    </ClInclude>
    <ClInclude Include="GameStateManager.h">
      <Filter>Header</Filter>
    </ClInclude>
    <ClInclude Include="Level1.h">
      <Filter>Header</Filter>
    </ClInclude>
    <ClInclude Include="drawWallsLevel1.h">
      <Filter>Header</Filter>
    </ClInclude>
    <ClInclude Include="draw.h">
      <Filter>Header</Filter>
    </ClInclude>
    <ClInclude Include="enemies.h">
      <Filter>Header</Filter>
    </ClInclude>
    <ClInclude Include="binaryMap.h">
      <Filter>Header</Filter>
    </ClInclude>
  </ItemGroup>
  <ItemGroup>
    <Filter Include="Source">
      <UniqueIdentifier>{775f9c68-a5f5-415a-81e7-584cc572af59}</UniqueIdentifier>
    </Filter>
    <Filter Include="Header">
      <UniqueIdentifier>{e9d790a9-e561-4702-a9e0-e08ba7778563}</UniqueIdentifier>
    </Filter>
  </ItemGroup>
</Project>