<?xml version="1.0" encoding="utf-8"?>
<Project ToolsVersion="4.0" xmlns="http://schemas.microsoft.com/developer/msbuild/2003">
  <ItemGroup>
    <ClCompile Include="Collision.cpp">
      <Filter>Source</Filter>
    </ClCompile>
    <ClCompile Include="Projectile.cpp">
      <Filter>Source</Filter>
    </ClCompile>
    <ClCompile Include="Movement.cpp">
      <Filter>Source</Filter>
    </ClCompile>
    <ClCompile Include="aimingInterface.cpp">
      <Filter>Source</Filter>
    </ClCompile>
    <ClCompile Include="player.cpp">
      <Filter>Source</Filter>
    </ClCompile>
    <ClCompile Include="Main.cpp">
      <Filter>Source</Filter>
    </ClCompile>
    <ClCompile Include="GameStateManager.cpp">
      <Filter>Source</Filter>
    </ClCompile>
    <ClCompile Include="Level1.cpp">
      <Filter>Source</Filter>
    </ClCompile>
    <ClCompile Include="Draw.cpp">
      <Filter>Source</Filter>
    </ClCompile>
    <ClCompile Include="Enemies.cpp">
      <Filter>Source</Filter>
    </ClCompile>
    <ClCompile Include="Animation.cpp">
      <Filter>Source</Filter>
    </ClCompile>
    <ClCompile Include="AimingInterface.cpp">
      <Filter>Source</Filter>
    </ClCompile>
    <ClCompile Include="BinaryMap.cpp">
      <Filter>Source</Filter>
    </ClCompile>
    <ClCompile Include="Gameover.cpp">
      <Filter>Source</Filter>
    </ClCompile>
    <ClCompile Include="Level2.cpp">
      <Filter>Source</Filter>
    </ClCompile>
    <ClCompile Include="LevelEditor.cpp">
      <Filter>Source</Filter>
    </ClCompile>
    <ClCompile Include="pch.cpp">
      <Filter>Source</Filter>
    </ClCompile>
    <ClCompile Include="ProjectileTest.cpp">
      <Filter>Source</Filter>
    </ClCompile>
    <ClCompile Include="Load.cpp">
      <Filter>Source</Filter>
    </ClCompile>
    <ClCompile Include="MainMenu.cpp">
      <Filter>Source</Filter>
    </ClCompile>
    <ClCompile Include="Tutorial.cpp">
      <Filter>Source</Filter>
    </ClCompile>
    <ClCompile Include="DoorSystem.cpp">
      <Filter>Source</Filter>
    </ClCompile>
    <ClCompile Include="AssetManager.cpp">
      <Filter>Source</Filter>
    </ClCompile>
    <ClCompile Include="DeathScreen.cpp">
      <Filter>Source</Filter>
    </ClCompile>
    <ClCompile Include="PauseMenu.cpp">
      <Filter>Source</Filter>
    </ClCompile>
    <ClCompile Include="Sound.cpp">
      <Filter>Source</Filter>
    </ClCompile>
    <ClCompile Include="VictoryScreen.cpp">
      <Filter>Source</Filter>
    </ClCompile>
  </ItemGroup>
  <ItemGroup>
    <ClInclude Include="Collision.h">
      <Filter>Header</Filter>
    </ClInclude>
    <ClInclude Include="Movement.h">
      <Filter>Header</Filter>
    </ClInclude>
    <ClInclude Include="Projectile.h">
      <Filter>Header</Filter>
    </ClInclude>
    <ClInclude Include="aimingInterface.h">
      <Filter>Header</Filter>
    </ClInclude>
    <ClInclude Include="player.h">
      <Filter>Header</Filter>
    </ClInclude>
    <ClInclude Include="GameStateList.h">
      <Filter>Header</Filter>
    </ClInclude>
    <ClInclude Include="GameStateManager.h">
      <Filter>Header</Filter>
    </ClInclude>
    <ClInclude Include="Level1.h">
      <Filter>Header</Filter>
    </ClInclude>
    <ClInclude Include="Draw.h">
      <Filter>Header</Filter>
    </ClInclude>
    <ClInclude Include="Enemies.h">
      <Filter>Header</Filter>
    </ClInclude>
    <ClInclude Include="Animation.h">
      <Filter>Header</Filter>
    </ClInclude>
    <ClInclude Include="AimingInterface.h">
      <Filter>Header</Filter>
    </ClInclude>
    <ClInclude Include="Sound.h">
      <Filter>Header</Filter>
    </ClInclude>
    <ClInclude Include="Load.h">
      <Filter>Header</Filter>
    </ClInclude>
    <ClInclude Include="BinaryMap.h">
      <Filter>Header</Filter>
    </ClInclude>
    <ClInclude Include="Gameover.h">
      <Filter>Header</Filter>
    </ClInclude>
    <ClInclude Include="Level2.h">
      <Filter>Header</Filter>
    </ClInclude>
    <ClInclude Include="Main.h">
      <Filter>Header</Filter>
    </ClInclude>
    <ClInclude Include="pch.h">
      <Filter>Header</Filter>
    </ClInclude>
    <ClInclude Include="ProjectileTest.h">
      <Filter>Header</Filter>
    </ClInclude>
    <ClInclude Include="MainMenu.h">
      <Filter>Header</Filter>
    </ClInclude>
    <ClInclude Include="LevelEditor.h">
      <Filter>Header</Filter>
    </ClInclude>
    <ClInclude Include="Tutorial.h">
      <Filter>Header</Filter>
    </ClInclude>
    <ClInclude Include="DoorSystem.h">
      <Filter>Header</Filter>
    </ClInclude>
    <ClInclude Include="MainMenu.h">
      <Filter>Header</Filter>
    </ClInclude>
    <ClInclude Include="AssetManager.h">
      <Filter>Header</Filter>
    </ClInclude>
    <ClInclude Include="DeathScreen.h">
      <Filter>Header</Filter>
    </ClInclude>
    <ClInclude Include="PauseMenu.h">
      <Filter>Header</Filter>
    </ClInclude>
    <ClInclude Include="VictoryScreen.h">
      <Filter>Header</Filter>
    </ClInclude>
  </ItemGroup>
  <ItemGroup>
    <Filter Include="Source">
      <UniqueIdentifier>{775f9c68-a5f5-415a-81e7-584cc572af59}</UniqueIdentifier>
    </Filter>
    <Filter Include="Header">
      <UniqueIdentifier>{e9d790a9-e561-4702-a9e0-e08ba7778563}</UniqueIdentifier>
    </Filter>
  </ItemGroup>
</Project>